
Microsoft Visual Studio Solution File, Format Version 12.00
# Visual Studio Version 16
VisualStudioVersion = 16.0.31205.134
MinimumVisualStudioVersion = 10.0.40219.1
Project("{FAE04EC0-301F-11D3-BF4B-00C04F79EFBC}") = "SoftHES", "SoftHES\SoftHES.csproj", "{9A72086C-1A12-44F6-882A-00B4E32C31FD}"
EndProject
Global
	GlobalSection(SolutionConfigurationPlatforms) = preSolution
		Debug|Any CPU = Debug|Any CPU
		Release|Any CPU = Release|Any CPU
	EndGlobalSection
	GlobalSection(ProjectConfigurationPlatforms) = postSolution
		{9A72086C-1A12-44F6-882A-00B4E32C31FD}.Debug|Any CPU.ActiveCfg = Debug|Any CPU
		{9A72086C-1A12-44F6-882A-00B4E32C31FD}.Debug|Any CPU.Build.0 = Debug|Any CPU
		{9A72086C-1A12-44F6-882A-00B4E32C31FD}.Release|Any CPU.ActiveCfg = Release|Any CPU
		{9A72086C-1A12-44F6-882A-00B4E32C31FD}.Release|Any CPU.Build.0 = Release|Any CPU
	EndGlobalSection
	GlobalSection(SolutionProperties) = preSolution
		HideSolutionNode = FALSE
	EndGlobalSection
	GlobalSection(ExtensibilityGlobals) = postSolution
		SolutionGuid = {E525A267-5A8E-4A2D-8E03-78E9A3B92353}
	EndGlobalSection
EndGlobal
